// !$*UTF8*$!
{
	archiveVersion = 1;
	classes = {
	};
	objectVersion = 77;
	objects = {

/* Begin PBXContainerItemProxy section */
		F4468DE62DD598CC007A2A59 /* PBXContainerItemProxy */ = {
			isa = PBXContainerItemProxy;
			containerPortal = F4468DD02DD598C8007A2A59 /* Project object */;
			proxyType = 1;
			remoteGlobalIDString = F4468DD72DD598C8007A2A59;
			remoteInfo = TrainingTrackerApp;
		};
		F4468DF02DD598CC007A2A59 /* PBXContainerItemProxy */ = {
			isa = PBXContainerItemProxy;
			containerPortal = F4468DD02DD598C8007A2A59 /* Project object */;
			proxyType = 1;
			remoteGlobalIDString = F4468DD72DD598C8007A2A59;
			remoteInfo = TrainingTrackerApp;
		};
/* End PBXContainerItemProxy section */

/* Begin PBXFileReference section */
		F4468DD82DD598C8007A2A59 /* TrainingTrackerApp.app */ = {isa = PBXFileReference; explicitFileType = wrapper.application; includeInIndex = 0; path = TrainingTrackerApp.app; sourceTree = BUILT_PRODUCTS_DIR; };
		F4468DE52DD598CC007A2A59 /* TrainingTrackerAppTests.xctest */ = {isa = PBXFileReference; explicitFileType = wrapper.cfbundle; includeInIndex = 0; path = TrainingTrackerAppTests.xctest; sourceTree = BUILT_PRODUCTS_DIR; };
		F4468DEF2DD598CC007A2A59 /* TrainingTrackerAppUITests.xctest */ = {isa = PBXFileReference; explicitFileType = wrapper.cfbundle; includeInIndex = 0; path = TrainingTrackerAppUITests.xctest; sourceTree = BUILT_PRODUCTS_DIR; };
/* End PBXFileReference section */

/* Begin PBXFileSystemSynchronizedRootGroup section */
		F4468DDA2DD598C8007A2A59 /* TrainingTrackerApp */ = {
			isa = PBXFileSystemSynchronizedRootGroup;
			path = TrainingTrackerApp;
			sourceTree = "<group>";
		};
		F4468DE82DD598CC007A2A59 /* TrainingTrackerAppTests */ = {
			isa = PBXFileSystemSynchronizedRootGroup;
			path = TrainingTrackerAppTests;
			sourceTree = "<group>";
		};
		F4468DF22DD598CC007A2A59 /* TrainingTrackerAppUITests */ = {
			isa = PBXFileSystemSynchronizedRootGroup;
			path = TrainingTrackerAppUITests;
			sourceTree = "<group>";
		};
/* End PBXFileSystemSynchronizedRootGroup section */

/* Begin PBXFrameworksBuildPhase section */
		F4468DD52DD598C8007A2A59 /* Frameworks */ = {
			isa = PBXFrameworksBuildPhase;
			buildActionMask = 2147483647;
			files = (
			);
			runOnlyForDeploymentPostprocessing = 0;
		};
		F4468DE22DD598CC007A2A59 /* Frameworks */ = {
			isa = PBXFrameworksBuildPhase;
			buildActionMask = 2147483647;
			files = (
			);
			runOnlyForDeploymentPostprocessing = 0;
		};
		F4468DEC2DD598CC007A2A59 /* Frameworks */ = {
			isa = PBXFrameworksBuildPhase;
			buildActionMask = 2147483647;
			files = (
			);
			runOnlyForDeploymentPostprocessing = 0;
		};
/* End PBXFrameworksBuildPhase section */

/* Begin PBXGroup section */
		F4468DCF2DD598C8007A2A59 = {
			isa = PBXGroup;
			children = (
				F4468DDA2DD598C8007A2A59 /* TrainingTrackerApp */,
				F4468DE82DD598CC007A2A59 /* TrainingTrackerAppTests */,
				F4468DF22DD598CC007A2A59 /* TrainingTrackerAppUITests */,
				F4468DD92DD598C8007A2A59 /* Products */,
			);
			sourceTree = "<group>";
		};
		F4468DD92DD598C8007A2A59 /* Products */ = {
			isa = PBXGroup;
			children = (
				F4468DD82DD598C8007A2A59 /* TrainingTrackerApp.app */,
				F4468DE52DD598CC007A2A59 /* TrainingTrackerAppTests.xctest */,
				F4468DEF2DD598CC007A2A59 /* TrainingTrackerAppUITests.xctest */,
			);
			name = Products;
			sourceTree = "<group>";
		};
/* End PBXGroup section */

/* Begin PBXNativeTarget section */
		F4468DD72DD598C8007A2A59 /* TrainingTrackerApp */ = {
			isa = PBXNativeTarget;
			buildConfigurationList = F4468DF92DD598CC007A2A59 /* Build configuration list for PBXNativeTarget "TrainingTrackerApp" */;
			buildPhases = (
				F4468DD42DD598C8007A2A59 /* Sources */,
				F4468DD52DD598C8007A2A59 /* Frameworks */,
				F4468DD62DD598C8007A2A59 /* Resources */,
			);
			buildRules = (
			);
			dependencies = (
			);
			fileSystemSynchronizedGroups = (
				F4468DDA2DD598C8007A2A59 /* TrainingTrackerApp */,
			);
			name = TrainingTrackerApp;
			packageProductDependencies = (
			);
			productName = TrainingTrackerApp;
			productReference = F4468DD82DD598C8007A2A59 /* TrainingTrackerApp.app */;
			productType = "com.apple.product-type.application";
		};
		F4468DE42DD598CC007A2A59 /* TrainingTrackerAppTests */ = {
			isa = PBXNativeTarget;
			buildConfigurationList = F4468DFC2DD598CC007A2A59 /* Build configuration list for PBXNativeTarget "TrainingTrackerAppTests" */;
			buildPhases = (
				F4468DE12DD598CC007A2A59 /* Sources */,
				F4468DE22DD598CC007A2A59 /* Frameworks */,
				F4468DE32DD598CC007A2A59 /* Resources */,
			);
			buildRules = (
			);
			dependencies = (
				F4468DE72DD598CC007A2A59 /* PBXTargetDependency */,
			);
			fileSystemSynchronizedGroups = (
				F4468DE82DD598CC007A2A59 /* TrainingTrackerAppTests */,
			);
			name = TrainingTrackerAppTests;
			packageProductDependencies = (
			);
			productName = TrainingTrackerAppTests;
			productReference = F4468DE52DD598CC007A2A59 /* TrainingTrackerAppTests.xctest */;
			productType = "com.apple.product-type.bundle.unit-test";
		};
		F4468DEE2DD598CC007A2A59 /* TrainingTrackerAppUITests */ = {
			isa = PBXNativeTarget;
			buildConfigurationList = F4468DFF2DD598CC007A2A59 /* Build configuration list for PBXNativeTarget "TrainingTrackerAppUITests" */;
			buildPhases = (
				F4468DEB2DD598CC007A2A59 /* Sources */,
				F4468DEC2DD598CC007A2A59 /* Frameworks */,
				F4468DED2DD598CC007A2A59 /* Resources */,
			);
			buildRules = (
			);
			dependencies = (
				F4468DF12DD598CC007A2A59 /* PBXTargetDependency */,
			);
			fileSystemSynchronizedGroups = (
				F4468DF22DD598CC007A2A59 /* TrainingTrackerAppUITests */,
			);
			name = TrainingTrackerAppUITests;
			packageProductDependencies = (
			);
			productName = TrainingTrackerAppUITests;
			productReference = F4468DEF2DD598CC007A2A59 /* TrainingTrackerAppUITests.xctest */;
			productType = "com.apple.product-type.bundle.ui-testing";
		};
/* End PBXNativeTarget section */

/* Begin PBXProject section */
		F4468DD02DD598C8007A2A59 /* Project object */ = {
			isa = PBXProject;
			attributes = {
				BuildIndependentTargetsInParallel = 1;
				LastSwiftUpdateCheck = 1630;
				LastUpgradeCheck = 1630;
				TargetAttributes = {
					F4468DD72DD598C8007A2A59 = {
						CreatedOnToolsVersion = 16.3;
					};
					F4468DE42DD598CC007A2A59 = {
						CreatedOnToolsVersion = 16.3;
						TestTargetID = F4468DD72DD598C8007A2A59;
					};
					F4468DEE2DD598CC007A2A59 = {
						CreatedOnToolsVersion = 16.3;
						TestTargetID = F4468DD72DD598C8007A2A59;
					};
				};
			};
			buildConfigurationList = F4468DD32DD598C8007A2A59 /* Build configuration list for PBXProject "TrainingTrackerApp" */;
			developmentRegion = en;
			hasScannedForEncodings = 0;
			knownRegions = (
				en,
				Base,
			);
			mainGroup = F4468DCF2DD598C8007A2A59;
			minimizedProjectReferenceProxies = 1;
			preferredProjectObjectVersion = 77;
			productRefGroup = F4468DD92DD598C8007A2A59 /* Products */;
			projectDirPath = "";
			projectRoot = "";
			targets = (
				F4468DD72DD598C8007A2A59 /* TrainingTrackerApp */,
				F4468DE42DD598CC007A2A59 /* TrainingTrackerAppTests */,
				F4468DEE2DD598CC007A2A59 /* TrainingTrackerAppUITests */,
			);
		};
/* End PBXProject section */

/* Begin PBXResourcesBuildPhase section */
		F4468DD62DD598C8007A2A59 /* Resources */ = {
			isa = PBXResourcesBuildPhase;
			buildActionMask = 2147483647;
			files = (
			);
			runOnlyForDeploymentPostprocessing = 0;
		};
		F4468DE32DD598CC007A2A59 /* Resources */ = {
			isa = PBXResourcesBuildPhase;
			buildActionMask = 2147483647;
			files = (
			);
			runOnlyForDeploymentPostprocessing = 0;
		};
		F4468DED2DD598CC007A2A59 /* Resources */ = {
			isa = PBXResourcesBuildPhase;
			buildActionMask = 2147483647;
			files = (
			);
			runOnlyForDeploymentPostprocessing = 0;
		};
/* End PBXResourcesBuildPhase section */

/* Begin PBXSourcesBuildPhase section */
		F4468DD42DD598C8007A2A59 /* Sources */ = {
			isa = PBXSourcesBuildPhase;
			buildActionMask = 2147483647;
			files = (
			);
			runOnlyForDeploymentPostprocessing = 0;
		};
		F4468DE12DD598CC007A2A59 /* Sources */ = {
			isa = PBXSourcesBuildPhase;
			buildActionMask = 2147483647;
			files = (
			);
			runOnlyForDeploymentPostprocessing = 0;
		};
		F4468DEB2DD598CC007A2A59 /* Sources */ = {
			isa = PBXSourcesBuildPhase;
			buildActionMask = 2147483647;
			files = (
			);
			runOnlyForDeploymentPostprocessing = 0;
		};
/* End PBXSourcesBuildPhase section */

/* Begin PBXTargetDependency section */
		F4468DE72DD598CC007A2A59 /* PBXTargetDependency */ = {
			isa = PBXTargetDependency;
			target = F4468DD72DD598C8007A2A59 /* TrainingTrackerApp */;
			targetProxy = F4468DE62DD598CC007A2A59 /* PBXContainerItemProxy */;
		};
		F4468DF12DD598CC007A2A59 /* PBXTargetDependency */ = {
			isa = PBXTargetDependency;
			target = F4468DD72DD598C8007A2A59 /* TrainingTrackerApp */;
			targetProxy = F4468DF02DD598CC007A2A59 /* PBXContainerItemProxy */;
		};
/* End PBXTargetDependency section */

/* Begin XCBuildConfiguration section */
		F4468DF72DD598CC007A2A59 /* Debug */ = {
			isa = XCBuildConfiguration;
			buildSettings = {
				ALWAYS_SEARCH_USER_PATHS = NO;
				ASSETCATALOG_COMPILER_GENERATE_SWIFT_ASSET_SYMBOL_EXTENSIONS = YES;
				CLANG_ANALYZER_NONNULL = YES;
				CLANG_ANALYZER_NUMBER_OBJECT_CONVERSION = YES_AGGRESSIVE;
				CLANG_CXX_LANGUAGE_STANDARD = "gnu++20";
				CLANG_ENABLE_MODULES = YES;
				CLANG_ENABLE_OBJC_ARC = YES;
				CLANG_ENABLE_OBJC_WEAK = YES;
				CLANG_WARN_BLOCK_CAPTURE_AUTORELEASING = YES;
				CLANG_WARN_BOOL_CONVERSION = YES;
				CLANG_WARN_COMMA = YES;
				CLANG_WARN_CONSTANT_CONVERSION = YES;
				CLANG_WARN_DEPRECATED_OBJC_IMPLEMENTATIONS = YES;
				CLANG_WARN_DIRECT_OBJC_ISA_USAGE = YES_ERROR;
				CLANG_WARN_DOCUMENTATION_COMMENTS = YES;
				CLANG_WARN_EMPTY_BODY = YES;
				CLANG_WARN_ENUM_CONVERSION = YES;
				CLANG_WARN_INFINITE_RECURSION = YES;
				CLANG_WARN_INT_CONVERSION = YES;
				CLANG_WARN_NON_LITERAL_NULL_CONVERSION = YES;
				CLANG_WARN_OBJC_IMPLICIT_RETAIN_SELF = YES;
				CLANG_WARN_OBJC_LITERAL_CONVERSION = YES;
				CLANG_WARN_OBJC_ROOT_CLASS = YES_ERROR;
				CLANG_WARN_QUOTED_INCLUDE_IN_FRAMEWORK_HEADER = YES;
				CLANG_WARN_RANGE_LOOP_ANALYSIS = YES;
				CLANG_WARN_STRICT_PROTOTYPES = YES;
				CLANG_WARN_SUSPICIOUS_MOVE = YES;
				CLANG_WARN_UNGUARDED_AVAILABILITY = YES_AGGRESSIVE;
				CLANG_WARN_UNREACHABLE_CODE = YES;
				CLANG_WARN__DUPLICATE_METHOD_MATCH = YES;
				COPY_PHASE_STRIP = NO;
				DEBUG_INFORMATION_FORMAT = dwarf;
				DEVELOPMENT_TEAM = 7MRQ2GU2NL;
				ENABLE_STRICT_OBJC_MSGSEND = YES;
				ENABLE_TESTABILITY = YES;
				ENABLE_USER_SCRIPT_SANDBOXING = YES;
				GCC_C_LANGUAGE_STANDARD = gnu17;
				GCC_DYNAMIC_NO_PIC = NO;
				GCC_NO_COMMON_BLOCKS = YES;
				GCC_OPTIMIZATION_LEVEL = 0;
				GCC_PREPROCESSOR_DEFINITIONS = (
					"DEBUG=1",
					"$(inherited)",
				);
				GCC_WARN_64_TO_32_BIT_CONVERSION = YES;
				GCC_WARN_ABOUT_RETURN_TYPE = YES_ERROR;
				GCC_WARN_UNDECLARED_SELECTOR = YES;
				GCC_WARN_UNINITIALIZED_AUTOS = YES_AGGRESSIVE;
				GCC_WARN_UNUSED_FUNCTION = YES;
				GCC_WARN_UNUSED_VARIABLE = YES;
				IPHONEOS_DEPLOYMENT_TARGET = 18.4;
				LOCALIZATION_PREFERS_STRING_CATALOGS = YES;
				MTL_ENABLE_DEBUG_INFO = INCLUDE_SOURCE;
				MTL_FAST_MATH = YES;
				ONLY_ACTIVE_ARCH = YES;
				SDKROOT = iphoneos;
				SWIFT_ACTIVE_COMPILATION_CONDITIONS = "DEBUG $(inherited)";
				SWIFT_OPTIMIZATION_LEVEL = "-Onone";
			};
			name = Debug;
		};
		F4468DF82DD598CC007A2A59 /* Release */ = {
			isa = XCBuildConfiguration;
			buildSettings = {
				ALWAYS_SEARCH_USER_PATHS = NO;
				ASSETCATALOG_COMPILER_GENERATE_SWIFT_ASSET_SYMBOL_EXTENSIONS = YES;
				CLANG_ANALYZER_NONNULL = YES;
				CLANG_ANALYZER_NUMBER_OBJECT_CONVERSION = YES_AGGRESSIVE;
				CLANG_CXX_LANGUAGE_STANDARD = "gnu++20";
				CLANG_ENABLE_MODULES = YES;
				CLANG_ENABLE_OBJC_ARC = YES;
				CLANG_ENABLE_OBJC_WEAK = YES;
				CLANG_WARN_BLOCK_CAPTURE_AUTORELEASING = YES;
				CLANG_WARN_BOOL_CONVERSION = YES;
				CLANG_WARN_COMMA = YES;
				CLANG_WARN_CONSTANT_CONVERSION = YES;
				CLANG_WARN_DEPRECATED_OBJC_IMPLEMENTATIONS = YES;
				CLANG_WARN_DIRECT_OBJC_ISA_USAGE = YES_ERROR;
				CLANG_WARN_DOCUMENTATION_COMMENTS = YES;
				CLANG_WARN_EMPTY_BODY = YES;
				CLANG_WARN_ENUM_CONVERSION = YES;
				CLANG_WARN_INFINITE_RECURSION = YES;
				CLANG_WARN_INT_CONVERSION = YES;
				CLANG_WARN_NON_LITERAL_NULL_CONVERSION = YES;
				CLANG_WARN_OBJC_IMPLICIT_RETAIN_SELF = YES;
				CLANG_WARN_OBJC_LITERAL_CONVERSION = YES;
				CLANG_WARN_OBJC_ROOT_CLASS = YES_ERROR;
				CLANG_WARN_QUOTED_INCLUDE_IN_FRAMEWORK_HEADER = YES;
				CLANG_WARN_RANGE_LOOP_ANALYSIS = YES;
				CLANG_WARN_STRICT_PROTOTYPES = YES;
				CLANG_WARN_SUSPICIOUS_MOVE = YES;
				CLANG_WARN_UNGUARDED_AVAILABILITY = YES_AGGRESSIVE;
				CLANG_WARN_UNREACHABLE_CODE = YES;
				CLANG_WARN__DUPLICATE_METHOD_MATCH = YES;
				COPY_PHASE_STRIP = NO;
				DEBUG_INFORMATION_FORMAT = "dwarf-with-dsym";
				DEVELOPMENT_TEAM = 7MRQ2GU2NL;
				ENABLE_NS_ASSERTIONS = NO;
				ENABLE_STRICT_OBJC_MSGSEND = YES;
				ENABLE_USER_SCRIPT_SANDBOXING = YES;
				GCC_C_LANGUAGE_STANDARD = gnu17;
				GCC_NO_COMMON_BLOCKS = YES;
				GCC_WARN_64_TO_32_BIT_CONVERSION = YES;
				GCC_WARN_ABOUT_RETURN_TYPE = YES_ERROR;
				GCC_WARN_UNDECLARED_SELECTOR = YES;
				GCC_WARN_UNINITIALIZED_AUTOS = YES_AGGRESSIVE;
				GCC_WARN_UNUSED_FUNCTION = YES;
				GCC_WARN_UNUSED_VARIABLE = YES;
				IPHONEOS_DEPLOYMENT_TARGET = 18.4;
				LOCALIZATION_PREFERS_STRING_CATALOGS = YES;
				MTL_ENABLE_DEBUG_INFO = NO;
				MTL_FAST_MATH = YES;
				SDKROOT = iphoneos;
				SWIFT_COMPILATION_MODE = wholemodule;
				VALIDATE_PRODUCT = YES;
			};
			name = Release;
		};
		F4468DFA2DD598CC007A2A59 /* Debug */ = {
			isa = XCBuildConfiguration;
			buildSettings = {
				ASSETCATALOG_COMPILER_APPICON_NAME = AppIcon;
				ASSETCATALOG_COMPILER_GLOBAL_ACCENT_COLOR_NAME = AccentColor;
				CODE_SIGN_STYLE = Automatic;
				CURRENT_PROJECT_VERSION = 1;
				DEVELOPMENT_TEAM = 7MRQ2GU2NL;
				ENABLE_PREVIEWS = YES;
				GENERATE_INFOPLIST_FILE = YES;
				INFOPLIST_KEY_UIApplicationSceneManifest_Generation = YES;
				INFOPLIST_KEY_UIApplicationSupportsIndirectInputEvents = YES;
				INFOPLIST_KEY_UILaunchScreen_Generation = YES;
				INFOPLIST_KEY_UISupportedInterfaceOrientations_iPad = "UIInterfaceOrientationPortrait UIInterfaceOrientationPortraitUpsideDown UIInterfaceOrientationLandscapeLeft UIInterfaceOrientationLandscapeRight";
				INFOPLIST_KEY_UISupportedInterfaceOrientations_iPhone = "UIInterfaceOrientationPortrait UIInterfaceOrientationLandscapeLeft UIInterfaceOrientationLandscapeRight";
				LD_RUNPATH_SEARCH_PATHS = (
					"$(inherited)",
					"@executable_path/Frameworks",
				);
				MARKETING_VERSION = 1.0;
				PRODUCT_BUNDLE_IDENTIFIER = com.takakita.TrainingTrackerApp;
				PRODUCT_NAME = "$(TARGET_NAME)";
				SWIFT_EMIT_LOC_STRINGS = YES;
				SWIFT_VERSION = 5.0;
				TARGETED_DEVICE_FAMILY = "1,2";
			};
			name = Debug;
		};
		F4468DFB2DD598CC007A2A59 /* Release */ = {
			isa = XCBuildConfiguration;
			buildSettings = {
				ASSETCATALOG_COMPILER_APPICON_NAME = AppIcon;
				ASSETCATALOG_COMPILER_GLOBAL_ACCENT_COLOR_NAME = AccentColor;
				CODE_SIGN_STYLE = Automatic;
				CURRENT_PROJECT_VERSION = 1;
				DEVELOPMENT_TEAM = 7MRQ2GU2NL;
				ENABLE_PREVIEWS = YES;
				GENERATE_INFOPLIST_FILE = YES;
				INFOPLIST_KEY_UIApplicationSceneManifest_Generation = YES;
				INFOPLIST_KEY_UIApplicationSupportsIndirectInputEvents = YES;
				INFOPLIST_KEY_UILaunchScreen_Generation = YES;
				INFOPLIST_KEY_UISupportedInterfaceOrientations_iPad = "UIInterfaceOrientationPortrait UIInterfaceOrientationPortraitUpsideDown UIInterfaceOrientationLandscapeLeft UIInterfaceOrientationLandscapeRight";
				INFOPLIST_KEY_UISupportedInterfaceOrientations_iPhone = "UIInterfaceOrientationPortrait UIInterfaceOrientationLandscapeLeft UIInterfaceOrientationLandscapeRight";
				LD_RUNPATH_SEARCH_PATHS = (
					"$(inherited)",
					"@executable_path/Frameworks",
				);
				MARKETING_VERSION = 1.0;
				PRODUCT_BUNDLE_IDENTIFIER = com.takakita.TrainingTrackerApp;
				PRODUCT_NAME = "$(TARGET_NAME)";
				SWIFT_EMIT_LOC_STRINGS = YES;
				SWIFT_VERSION = 5.0;
				TARGETED_DEVICE_FAMILY = "1,2";
			};
			name = Release;
		};
		F4468DFD2DD598CC007A2A59 /* Debug */ = {
			isa = XCBuildConfiguration;
			buildSettings = {
				BUNDLE_LOADER = "$(TEST_HOST)";
				CODE_SIGN_STYLE = Automatic;
				CURRENT_PROJECT_VERSION = 1;
				DEVELOPMENT_TEAM = 7MRQ2GU2NL;
				GENERATE_INFOPLIST_FILE = YES;
				IPHONEOS_DEPLOYMENT_TARGET = 18.4;
				MARKETING_VERSION = 1.0;
				PRODUCT_BUNDLE_IDENTIFIER = com.takakita.TrainingTrackerAppTests;
				PRODUCT_NAME = "$(TARGET_NAME)";
				SWIFT_EMIT_LOC_STRINGS = NO;
				SWIFT_VERSION = 5.0;
				TARGETED_DEVICE_FAMILY = "1,2";
				TEST_HOST = "$(BUILT_PRODUCTS_DIR)/TrainingTrackerApp.app/$(BUNDLE_EXECUTABLE_FOLDER_PATH)/TrainingTrackerApp";
			};
			name = Debug;
		};
		F4468DFE2DD598CC007A2A59 /* Release */ = {
			isa = XCBuildConfiguration;
			buildSettings = {
				BUNDLE_LOADER = "$(TEST_HOST)";
				CODE_SIGN_STYLE = Automatic;
				CURRENT_PROJECT_VERSION = 1;
				DEVELOPMENT_TEAM = 7MRQ2GU2NL;
				GENERATE_INFOPLIST_FILE = YES;
				IPHONEOS_DEPLOYMENT_TARGET = 18.4;
				MARKETING_VERSION = 1.0;
				PRODUCT_BUNDLE_IDENTIFIER = com.takakita.TrainingTrackerAppTests;
				PRODUCT_NAME = "$(TARGET_NAME)";
				SWIFT_EMIT_LOC_STRINGS = NO;
				SWIFT_VERSION = 5.0;
				TARGETED_DEVICE_FAMILY = "1,2";
				TEST_HOST = "$(BUILT_PRODUCTS_DIR)/TrainingTrackerApp.app/$(BUNDLE_EXECUTABLE_FOLDER_PATH)/TrainingTrackerApp";
			};
			name = Release;
		};
		F4468E002DD598CC007A2A59 /* Debug */ = {
			isa = XCBuildConfiguration;
			buildSettings = {
				CODE_SIGN_STYLE = Automatic;
				CURRENT_PROJECT_VERSION = 1;
				DEVELOPMENT_TEAM = 7MRQ2GU2NL;
				GENERATE_INFOPLIST_FILE = YES;
				MARKETING_VERSION = 1.0;
				PRODUCT_BUNDLE_IDENTIFIER = com.takakita.TrainingTrackerAppUITests;
				PRODUCT_NAME = "$(TARGET_NAME)";
				SWIFT_EMIT_LOC_STRINGS = NO;
				SWIFT_VERSION = 5.0;
				TARGETED_DEVICE_FAMILY = "1,2";
				TEST_TARGET_NAME = TrainingTrackerApp;
			};
			name = Debug;
		};
		F4468E012DD598CC007A2A59 /* Release */ = {
			isa = XCBuildConfiguration;
			buildSettings = {
				CODE_SIGN_STYLE = Automatic;
				CURRENT_PROJECT_VERSION = 1;
				DEVELOPMENT_TEAM = 7MRQ2GU2NL;
				GENERATE_INFOPLIST_FILE = YES;
				MARKETING_VERSION = 1.0;
				PRODUCT_BUNDLE_IDENTIFIER = com.takakita.TrainingTrackerAppUITests;
				PRODUCT_NAME = "$(TARGET_NAME)";
				SWIFT_EMIT_LOC_STRINGS = NO;
				SWIFT_VERSION = 5.0;
				TARGETED_DEVICE_FAMILY = "1,2";
				TEST_TARGET_NAME = TrainingTrackerApp;
			};
			name = Release;
		};
/* End XCBuildConfiguration section */

/* Begin XCConfigurationList section */
		F4468DD32DD598C8007A2A59 /* Build configuration list for PBXProject "TrainingTrackerApp" */ = {
			isa = XCConfigurationList;
			buildConfigurations = (
				F4468DF72DD598CC007A2A59 /* Debug */,
				F4468DF82DD598CC007A2A59 /* Release */,
			);
			defaultConfigurationIsVisible = 0;
			defaultConfigurationName = Release;
		};
		F4468DF92DD598CC007A2A59 /* Build configuration list for PBXNativeTarget "TrainingTrackerApp" */ = {
			isa = XCConfigurationList;
			buildConfigurations = (
				F4468DFA2DD598CC007A2A59 /* Debug */,
				F4468DFB2DD598CC007A2A59 /* Release */,
			);
			defaultConfigurationIsVisible = 0;
			defaultConfigurationName = Release;
		};
		F4468DFC2DD598CC007A2A59 /* Build configuration list for PBXNativeTarget "TrainingTrackerAppTests" */ = {
			isa = XCConfigurationList;
			buildConfigurations = (
				F4468DFD2DD598CC007A2A59 /* Debug */,
				F4468DFE2DD598CC007A2A59 /* Release */,
			);
			defaultConfigurationIsVisible = 0;
			defaultConfigurationName = Release;
		};
		F4468DFF2DD598CC007A2A59 /* Build configuration list for PBXNativeTarget "TrainingTrackerAppUITests" */ = {
			isa = XCConfigurationList;
			buildConfigurations = (
				F4468E002DD598CC007A2A59 /* Debug */,
				F4468E012DD598CC007A2A59 /* Release */,
			);
			defaultConfigurationIsVisible = 0;
			defaultConfigurationName = Release;
		};
/* End XCConfigurationList section */
	};
	rootObject = F4468DD02DD598C8007A2A59 /* Project object */;
}
